
Microsoft Visual Studio Solution File, Format Version 12.00
# Visual Studio Version 17
VisualStudioVersion = 17.5.33516.290
MinimumVisualStudioVersion = 10.0.40219.1
Project("{FAE04EC0-301F-11D3-BF4B-00C04F79EFBC}") = "alarm_rb", "alarm_rb\alarm_rb.csproj", "{81E9D3CC-74E3-4A80-897C-B6B368E818FF}"
EndProject
Global
	GlobalSection(SolutionConfigurationPlatforms) = preSolution
		Debug|Any CPU = Debug|Any CPU
		Release|Any CPU = Release|Any CPU
	EndGlobalSection
	GlobalSection(ProjectConfigurationPlatforms) = postSolution
		{81E9D3CC-74E3-4A80-897C-B6B368E818FF}.Debug|Any CPU.ActiveCfg = Debug|Any CPU
		{81E9D3CC-74E3-4A80-897C-B6B368E818FF}.Debug|Any CPU.Build.0 = Debug|Any CPU
		{81E9D3CC-74E3-4A80-897C-B6B368E818FF}.Release|Any CPU.ActiveCfg = Release|Any CPU
		{81E9D3CC-74E3-4A80-897C-B6B368E818FF}.Release|Any CPU.Build.0 = Release|Any CPU
	EndGlobalSection
	GlobalSection(SolutionProperties) = preSolution
		HideSolutionNode = FALSE
	EndGlobalSection
	GlobalSection(ExtensibilityGlobals) = postSolution
		SolutionGuid = {22365C1F-CD87-4561-8FAB-3CC83DDB3B23}
	EndGlobalSection
EndGlobal
